// !$*UTF8*$!
{
	archiveVersion = 1;
	classes = {
	};
	objectVersion = 46;
	objects = {

/* Begin PBXBuildFile section */
		F41790D11ACF47F000F32C34 /* GetImages.swift in Sources */ = {isa = PBXBuildFile; fileRef = F41790D01ACF47F000F32C34 /* GetImages.swift */; };
		F4573BFA1AD0E5FE0046830B /* CustomHeaderCell.swift in Sources */ = {isa = PBXBuildFile; fileRef = F4573BF91AD0E5FE0046830B /* CustomHeaderCell.swift */; };
		F45FD02D1AD098070027C801 /* AllUserTweetsViewController.swift in Sources */ = {isa = PBXBuildFile; fileRef = F45FD02C1AD098070027C801 /* AllUserTweetsViewController.swift */; };
		F476EEF11ACE3BE20037291E /* SelectedTweetViewController.swift in Sources */ = {isa = PBXBuildFile; fileRef = F476EEF01ACE3BE20037291E /* SelectedTweetViewController.swift */; };
		F476EF211ACF19EE0037291E /* TweetDisplayCell.xib in Resources */ = {isa = PBXBuildFile; fileRef = F476EF201ACF19EE0037291E /* TweetDisplayCell.xib */; };
		F49BC2DA1ACA3839007A1888 /* AppDelegate.swift in Sources */ = {isa = PBXBuildFile; fileRef = F49BC2D91ACA3839007A1888 /* AppDelegate.swift */; };
		F49BC2DC1ACA3839007A1888 /* HomeTimeLineViewController.swift in Sources */ = {isa = PBXBuildFile; fileRef = F49BC2DB1ACA3839007A1888 /* HomeTimeLineViewController.swift */; };
		F49BC2E11ACA3839007A1888 /* Images.xcassets in Resources */ = {isa = PBXBuildFile; fileRef = F49BC2E01ACA3839007A1888 /* Images.xcassets */; };
		F49BC2E41ACA3839007A1888 /* LaunchScreen.xib in Resources */ = {isa = PBXBuildFile; fileRef = F49BC2E21ACA3839007A1888 /* LaunchScreen.xib */; };
		F49BC2F01ACA3839007A1888 /* TweetGrabberTests.swift in Sources */ = {isa = PBXBuildFile; fileRef = F49BC2EF1ACA3839007A1888 /* TweetGrabberTests.swift */; };
		F49BC2FF1ACA3BDD007A1888 /* Main.storyboard in Resources */ = {isa = PBXBuildFile; fileRef = F49BC2FE1ACA3BDD007A1888 /* Main.storyboard */; };
		F49BC3031ACA3D3F007A1888 /* TweetClass.swift in Sources */ = {isa = PBXBuildFile; fileRef = F49BC3021ACA3D3F007A1888 /* TweetClass.swift */; };
		F49BC3051ACA3F7D007A1888 /* TweetJSONParserClass.swift in Sources */ = {isa = PBXBuildFile; fileRef = F49BC3041ACA3F7D007A1888 /* TweetJSONParserClass.swift */; };
		F4A5FFC41ACB7A8900092DB1 /* GetAccount.swift in Sources */ = {isa = PBXBuildFile; fileRef = F4A5FFC31ACB7A8900092DB1 /* GetAccount.swift */; };
		F4A5FFC81ACB877400092DB1 /* TwitterTableViewCell.swift in Sources */ = {isa = PBXBuildFile; fileRef = F4A5FFC71ACB877400092DB1 /* TwitterTableViewCell.swift */; };
		F4D536681ACCE746008C260A /* GetMyTweets.swift in Sources */ = {isa = PBXBuildFile; fileRef = F4D536671ACCE746008C260A /* GetMyTweets.swift */; };
/* End PBXBuildFile section */

/* Begin PBXContainerItemProxy section */
		F49BC2EA1ACA3839007A1888 /* PBXContainerItemProxy */ = {
			isa = PBXContainerItemProxy;
			containerPortal = F49BC2CC1ACA3839007A1888 /* Project object */;
			proxyType = 1;
			remoteGlobalIDString = F49BC2D31ACA3839007A1888;
			remoteInfo = TweetGrabber;
		};
/* End PBXContainerItemProxy section */

/* Begin PBXFileReference section */
		F41790D01ACF47F000F32C34 /* GetImages.swift */ = {isa = PBXFileReference; fileEncoding = 4; lastKnownFileType = sourcecode.swift; path = GetImages.swift; sourceTree = "<group>"; };
		F4573BF91AD0E5FE0046830B /* CustomHeaderCell.swift */ = {isa = PBXFileReference; fileEncoding = 4; lastKnownFileType = sourcecode.swift; path = CustomHeaderCell.swift; sourceTree = "<group>"; };
		F45FD02C1AD098070027C801 /* AllUserTweetsViewController.swift */ = {isa = PBXFileReference; fileEncoding = 4; lastKnownFileType = sourcecode.swift; path = AllUserTweetsViewController.swift; sourceTree = "<group>"; };
		F476EEF01ACE3BE20037291E /* SelectedTweetViewController.swift */ = {isa = PBXFileReference; fileEncoding = 4; lastKnownFileType = sourcecode.swift; path = SelectedTweetViewController.swift; sourceTree = "<group>"; };
		F476EF201ACF19EE0037291E /* TweetDisplayCell.xib */ = {isa = PBXFileReference; fileEncoding = 4; lastKnownFileType = file.xib; path = TweetDisplayCell.xib; sourceTree = "<group>"; };
		F49BC2D41ACA3839007A1888 /* TweetGrabber.app */ = {isa = PBXFileReference; explicitFileType = wrapper.application; includeInIndex = 0; path = TweetGrabber.app; sourceTree = BUILT_PRODUCTS_DIR; };
		F49BC2D81ACA3839007A1888 /* Info.plist */ = {isa = PBXFileReference; lastKnownFileType = text.plist.xml; path = Info.plist; sourceTree = "<group>"; };
		F49BC2D91ACA3839007A1888 /* AppDelegate.swift */ = {isa = PBXFileReference; lastKnownFileType = sourcecode.swift; path = AppDelegate.swift; sourceTree = "<group>"; };
		F49BC2DB1ACA3839007A1888 /* HomeTimeLineViewController.swift */ = {isa = PBXFileReference; lastKnownFileType = sourcecode.swift; path = HomeTimeLineViewController.swift; sourceTree = "<group>"; wrapsLines = 1; };
		F49BC2E01ACA3839007A1888 /* Images.xcassets */ = {isa = PBXFileReference; lastKnownFileType = folder.assetcatalog; path = Images.xcassets; sourceTree = "<group>"; };
		F49BC2E31ACA3839007A1888 /* Base */ = {isa = PBXFileReference; lastKnownFileType = file.xib; name = Base; path = Base.lproj/LaunchScreen.xib; sourceTree = "<group>"; };
		F49BC2E91ACA3839007A1888 /* TweetGrabberTests.xctest */ = {isa = PBXFileReference; explicitFileType = wrapper.cfbundle; includeInIndex = 0; path = TweetGrabberTests.xctest; sourceTree = BUILT_PRODUCTS_DIR; };
		F49BC2EE1ACA3839007A1888 /* Info.plist */ = {isa = PBXFileReference; lastKnownFileType = text.plist.xml; path = Info.plist; sourceTree = "<group>"; };
		F49BC2EF1ACA3839007A1888 /* TweetGrabberTests.swift */ = {isa = PBXFileReference; lastKnownFileType = sourcecode.swift; path = TweetGrabberTests.swift; sourceTree = "<group>"; };
		F49BC2FE1ACA3BDD007A1888 /* Main.storyboard */ = {isa = PBXFileReference; fileEncoding = 4; lastKnownFileType = file.storyboard; path = Main.storyboard; sourceTree = "<group>"; };
		F49BC3021ACA3D3F007A1888 /* TweetClass.swift */ = {isa = PBXFileReference; fileEncoding = 4; lastKnownFileType = sourcecode.swift; path = TweetClass.swift; sourceTree = "<group>"; };
		F49BC3041ACA3F7D007A1888 /* TweetJSONParserClass.swift */ = {isa = PBXFileReference; fileEncoding = 4; lastKnownFileType = sourcecode.swift; path = TweetJSONParserClass.swift; sourceTree = "<group>"; };
		F4A5FFC31ACB7A8900092DB1 /* GetAccount.swift */ = {isa = PBXFileReference; fileEncoding = 4; lastKnownFileType = sourcecode.swift; path = GetAccount.swift; sourceTree = "<group>"; };
		F4A5FFC71ACB877400092DB1 /* TwitterTableViewCell.swift */ = {isa = PBXFileReference; fileEncoding = 4; lastKnownFileType = sourcecode.swift; path = TwitterTableViewCell.swift; sourceTree = "<group>"; };
		F4D536671ACCE746008C260A /* GetMyTweets.swift */ = {isa = PBXFileReference; fileEncoding = 4; lastKnownFileType = sourcecode.swift; path = GetMyTweets.swift; sourceTree = "<group>"; };
/* End PBXFileReference section */

/* Begin PBXFrameworksBuildPhase section */
		F49BC2D11ACA3839007A1888 /* Frameworks */ = {
			isa = PBXFrameworksBuildPhase;
			buildActionMask = 2147483647;
			files = (
			);
			runOnlyForDeploymentPostprocessing = 0;
		};
		F49BC2E61ACA3839007A1888 /* Frameworks */ = {
			isa = PBXFrameworksBuildPhase;
			buildActionMask = 2147483647;
			files = (
			);
			runOnlyForDeploymentPostprocessing = 0;
		};
/* End PBXFrameworksBuildPhase section */

/* Begin PBXGroup section */
		F49BC2CB1ACA3839007A1888 = {
			isa = PBXGroup;
			children = (
				F49BC2D61ACA3839007A1888 /* TweetGrabber */,
				F49BC2EC1ACA3839007A1888 /* TweetGrabberTests */,
				F49BC2D51ACA3839007A1888 /* Products */,
			);
			sourceTree = "<group>";
		};
		F49BC2D51ACA3839007A1888 /* Products */ = {
			isa = PBXGroup;
			children = (
				F49BC2D41ACA3839007A1888 /* TweetGrabber.app */,
				F49BC2E91ACA3839007A1888 /* TweetGrabberTests.xctest */,
			);
			name = Products;
			sourceTree = "<group>";
		};
		F49BC2D61ACA3839007A1888 /* TweetGrabber */ = {
			isa = PBXGroup;
			children = (
				F49BC2F91ACA3876007A1888 /* Models */,
				F49BC2FB1ACA389A007A1888 /* Controllers */,
				F49BC2FA1ACA388D007A1888 /* Views */,
				F49BC2D91ACA3839007A1888 /* AppDelegate.swift */,
				F49BC2D71ACA3839007A1888 /* Supporting Files */,
			);
			path = TweetGrabber;
			sourceTree = "<group>";
		};
		F49BC2D71ACA3839007A1888 /* Supporting Files */ = {
			isa = PBXGroup;
			children = (
				F49BC2D81ACA3839007A1888 /* Info.plist */,
			);
			name = "Supporting Files";
			sourceTree = "<group>";
		};
		F49BC2EC1ACA3839007A1888 /* TweetGrabberTests */ = {
			isa = PBXGroup;
			children = (
				F49BC2EF1ACA3839007A1888 /* TweetGrabberTests.swift */,
				F49BC2ED1ACA3839007A1888 /* Supporting Files */,
			);
			path = TweetGrabberTests;
			sourceTree = "<group>";
		};
		F49BC2ED1ACA3839007A1888 /* Supporting Files */ = {
			isa = PBXGroup;
			children = (
				F49BC2EE1ACA3839007A1888 /* Info.plist */,
			);
			name = "Supporting Files";
			sourceTree = "<group>";
		};
		F49BC2F91ACA3876007A1888 /* Models */ = {
			isa = PBXGroup;
			children = (
				F49BC3021ACA3D3F007A1888 /* TweetClass.swift */,
				F49BC3041ACA3F7D007A1888 /* TweetJSONParserClass.swift */,
				F4A5FFC31ACB7A8900092DB1 /* GetAccount.swift */,
				F4D536671ACCE746008C260A /* GetMyTweets.swift */,
				F41790D01ACF47F000F32C34 /* GetImages.swift */,
			);
			name = Models;
			sourceTree = "<group>";
		};
		F49BC2FA1ACA388D007A1888 /* Views */ = {
			isa = PBXGroup;
			children = (
				F49BC2FE1ACA3BDD007A1888 /* Main.storyboard */,
				F49BC2E21ACA3839007A1888 /* LaunchScreen.xib */,
				F49BC2E01ACA3839007A1888 /* Images.xcassets */,
				F4573BF91AD0E5FE0046830B /* CustomHeaderCell.swift */,
				F4A5FFC71ACB877400092DB1 /* TwitterTableViewCell.swift */,
				F476EF201ACF19EE0037291E /* TweetDisplayCell.xib */,
			);
			name = Views;
			sourceTree = "<group>";
		};
		F49BC2FB1ACA389A007A1888 /* Controllers */ = {
			isa = PBXGroup;
			children = (
				F49BC2DB1ACA3839007A1888 /* HomeTimeLineViewController.swift */,
				F476EEF01ACE3BE20037291E /* SelectedTweetViewController.swift */,
				F45FD02C1AD098070027C801 /* AllUserTweetsViewController.swift */,
			);
			name = Controllers;
			sourceTree = "<group>";
		};
/* End PBXGroup section */

/* Begin PBXNativeTarget section */
		F49BC2D31ACA3839007A1888 /* TweetGrabber */ = {
			isa = PBXNativeTarget;
			buildConfigurationList = F49BC2F31ACA3839007A1888 /* Build configuration list for PBXNativeTarget "TweetGrabber" */;
			buildPhases = (
				F49BC2D01ACA3839007A1888 /* Sources */,
				F49BC2D11ACA3839007A1888 /* Frameworks */,
				F49BC2D21ACA3839007A1888 /* Resources */,
			);
			buildRules = (
			);
			dependencies = (
			);
			name = TweetGrabber;
			productName = TweetGrabber;
			productReference = F49BC2D41ACA3839007A1888 /* TweetGrabber.app */;
			productType = "com.apple.product-type.application";
		};
		F49BC2E81ACA3839007A1888 /* TweetGrabberTests */ = {
			isa = PBXNativeTarget;
			buildConfigurationList = F49BC2F61ACA3839007A1888 /* Build configuration list for PBXNativeTarget "TweetGrabberTests" */;
			buildPhases = (
				F49BC2E51ACA3839007A1888 /* Sources */,
				F49BC2E61ACA3839007A1888 /* Frameworks */,
				F49BC2E71ACA3839007A1888 /* Resources */,
			);
			buildRules = (
			);
			dependencies = (
				F49BC2EB1ACA3839007A1888 /* PBXTargetDependency */,
			);
			name = TweetGrabberTests;
			productName = TweetGrabberTests;
			productReference = F49BC2E91ACA3839007A1888 /* TweetGrabberTests.xctest */;
			productType = "com.apple.product-type.bundle.unit-test";
		};
/* End PBXNativeTarget section */

/* Begin PBXProject section */
		F49BC2CC1ACA3839007A1888 /* Project object */ = {
			isa = PBXProject;
			attributes = {
				LastUpgradeCheck = 0620;
				ORGANIZATIONNAME = "Ed Abrahamsen";
				TargetAttributes = {
					F49BC2D31ACA3839007A1888 = {
						CreatedOnToolsVersion = 6.2;
					};
					F49BC2E81ACA3839007A1888 = {
						CreatedOnToolsVersion = 6.2;
						TestTargetID = F49BC2D31ACA3839007A1888;
					};
				};
			};
			buildConfigurationList = F49BC2CF1ACA3839007A1888 /* Build configuration list for PBXProject "TweetGrabber" */;
			compatibilityVersion = "Xcode 3.2";
			developmentRegion = English;
			hasScannedForEncodings = 0;
			knownRegions = (
				en,
				Base,
			);
			mainGroup = F49BC2CB1ACA3839007A1888;
			productRefGroup = F49BC2D51ACA3839007A1888 /* Products */;
			projectDirPath = "";
			projectRoot = "";
			targets = (
				F49BC2D31ACA3839007A1888 /* TweetGrabber */,
				F49BC2E81ACA3839007A1888 /* TweetGrabberTests */,
			);
		};
/* End PBXProject section */

/* Begin PBXResourcesBuildPhase section */
		F49BC2D21ACA3839007A1888 /* Resources */ = {
			isa = PBXResourcesBuildPhase;
			buildActionMask = 2147483647;
			files = (
				F476EF211ACF19EE0037291E /* TweetDisplayCell.xib in Resources */,
				F49BC2E41ACA3839007A1888 /* LaunchScreen.xib in Resources */,
				F49BC2E11ACA3839007A1888 /* Images.xcassets in Resources */,
				F49BC2FF1ACA3BDD007A1888 /* Main.storyboard in Resources */,
			);
			runOnlyForDeploymentPostprocessing = 0;
		};
		F49BC2E71ACA3839007A1888 /* Resources */ = {
			isa = PBXResourcesBuildPhase;
			buildActionMask = 2147483647;
			files = (
			);
			runOnlyForDeploymentPostprocessing = 0;
		};
/* End PBXResourcesBuildPhase section */

/* Begin PBXSourcesBuildPhase section */
		F49BC2D01ACA3839007A1888 /* Sources */ = {
			isa = PBXSourcesBuildPhase;
			buildActionMask = 2147483647;
			files = (
				F4573BFA1AD0E5FE0046830B /* CustomHeaderCell.swift in Sources */,
				F49BC2DC1ACA3839007A1888 /* HomeTimeLineViewController.swift in Sources */,
				F41790D11ACF47F000F32C34 /* GetImages.swift in Sources */,
				F49BC3031ACA3D3F007A1888 /* TweetClass.swift in Sources */,
				F4D536681ACCE746008C260A /* GetMyTweets.swift in Sources */,
				F49BC2DA1ACA3839007A1888 /* AppDelegate.swift in Sources */,
				F45FD02D1AD098070027C801 /* AllUserTweetsViewController.swift in Sources */,
				F4A5FFC81ACB877400092DB1 /* TwitterTableViewCell.swift in Sources */,
				F49BC3051ACA3F7D007A1888 /* TweetJSONParserClass.swift in Sources */,
				F4A5FFC41ACB7A8900092DB1 /* GetAccount.swift in Sources */,
				F476EEF11ACE3BE20037291E /* SelectedTweetViewController.swift in Sources */,
			);
			runOnlyForDeploymentPostprocessing = 0;
		};
		F49BC2E51ACA3839007A1888 /* Sources */ = {
			isa = PBXSourcesBuildPhase;
			buildActionMask = 2147483647;
			files = (
				F49BC2F01ACA3839007A1888 /* TweetGrabberTests.swift in Sources */,
			);
			runOnlyForDeploymentPostprocessing = 0;
		};
/* End PBXSourcesBuildPhase section */

/* Begin PBXTargetDependency section */
		F49BC2EB1ACA3839007A1888 /* PBXTargetDependency */ = {
			isa = PBXTargetDependency;
			target = F49BC2D31ACA3839007A1888 /* TweetGrabber */;
			targetProxy = F49BC2EA1ACA3839007A1888 /* PBXContainerItemProxy */;
		};
/* End PBXTargetDependency section */

/* Begin PBXVariantGroup section */
		F49BC2E21ACA3839007A1888 /* LaunchScreen.xib */ = {
			isa = PBXVariantGroup;
			children = (
				F49BC2E31ACA3839007A1888 /* Base */,
			);
			name = LaunchScreen.xib;
			sourceTree = "<group>";
		};
/* End PBXVariantGroup section */

/* Begin XCBuildConfiguration section */
		F49BC2F11ACA3839007A1888 /* Debug */ = {
			isa = XCBuildConfiguration;
			buildSettings = {
				ALWAYS_SEARCH_USER_PATHS = NO;
				CLANG_CXX_LANGUAGE_STANDARD = "gnu++0x";
				CLANG_CXX_LIBRARY = "libc++";
				CLANG_ENABLE_MODULES = YES;
				CLANG_ENABLE_OBJC_ARC = YES;
				CLANG_WARN_BOOL_CONVERSION = YES;
				CLANG_WARN_CONSTANT_CONVERSION = YES;
				CLANG_WARN_DIRECT_OBJC_ISA_USAGE = YES_ERROR;
				CLANG_WARN_EMPTY_BODY = YES;
				CLANG_WARN_ENUM_CONVERSION = YES;
				CLANG_WARN_INT_CONVERSION = YES;
				CLANG_WARN_OBJC_ROOT_CLASS = YES_ERROR;
				CLANG_WARN_UNREACHABLE_CODE = YES;
				CLANG_WARN__DUPLICATE_METHOD_MATCH = YES;
				"CODE_SIGN_IDENTITY[sdk=iphoneos*]" = "iPhone Developer";
				COPY_PHASE_STRIP = NO;
				ENABLE_STRICT_OBJC_MSGSEND = YES;
				GCC_C_LANGUAGE_STANDARD = gnu99;
				GCC_DYNAMIC_NO_PIC = NO;
				GCC_OPTIMIZATION_LEVEL = 0;
				GCC_PREPROCESSOR_DEFINITIONS = (
					"DEBUG=1",
					"$(inherited)",
				);
				GCC_SYMBOLS_PRIVATE_EXTERN = NO;
				GCC_WARN_64_TO_32_BIT_CONVERSION = YES;
				GCC_WARN_ABOUT_RETURN_TYPE = YES_ERROR;
				GCC_WARN_UNDECLARED_SELECTOR = YES;
				GCC_WARN_UNINITIALIZED_AUTOS = YES_AGGRESSIVE;
				GCC_WARN_UNUSED_FUNCTION = YES;
				GCC_WARN_UNUSED_VARIABLE = YES;
				IPHONEOS_DEPLOYMENT_TARGET = 8.2;
				MTL_ENABLE_DEBUG_INFO = YES;
				ONLY_ACTIVE_ARCH = YES;
				SDKROOT = iphoneos;
				SWIFT_OPTIMIZATION_LEVEL = "-Onone";
				TARGETED_DEVICE_FAMILY = "1,2";
			};
			name = Debug;
		};
		F49BC2F21ACA3839007A1888 /* Release */ = {
			isa = XCBuildConfiguration;
			buildSettings = {
				ALWAYS_SEARCH_USER_PATHS = NO;
				CLANG_CXX_LANGUAGE_STANDARD = "gnu++0x";
				CLANG_CXX_LIBRARY = "libc++";
				CLANG_ENABLE_MODULES = YES;
				CLANG_ENABLE_OBJC_ARC = YES;
				CLANG_WARN_BOOL_CONVERSION = YES;
				CLANG_WARN_CONSTANT_CONVERSION = YES;
				CLANG_WARN_DIRECT_OBJC_ISA_USAGE = YES_ERROR;
				CLANG_WARN_EMPTY_BODY = YES;
				CLANG_WARN_ENUM_CONVERSION = YES;
				CLANG_WARN_INT_CONVERSION = YES;
				CLANG_WARN_OBJC_ROOT_CLASS = YES_ERROR;
				CLANG_WARN_UNREACHABLE_CODE = YES;
				CLANG_WARN__DUPLICATE_METHOD_MATCH = YES;
				"CODE_SIGN_IDENTITY[sdk=iphoneos*]" = "iPhone Developer";
				COPY_PHASE_STRIP = NO;
				ENABLE_NS_ASSERTIONS = NO;
				ENABLE_STRICT_OBJC_MSGSEND = YES;
				GCC_C_LANGUAGE_STANDARD = gnu99;
				GCC_WARN_64_TO_32_BIT_CONVERSION = YES;
				GCC_WARN_ABOUT_RETURN_TYPE = YES_ERROR;
				GCC_WARN_UNDECLARED_SELECTOR = YES;
				GCC_WARN_UNINITIALIZED_AUTOS = YES_AGGRESSIVE;
				GCC_WARN_UNUSED_FUNCTION = YES;
				GCC_WARN_UNUSED_VARIABLE = YES;
				IPHONEOS_DEPLOYMENT_TARGET = 8.2;
				MTL_ENABLE_DEBUG_INFO = NO;
				SDKROOT = iphoneos;
				TARGETED_DEVICE_FAMILY = "1,2";
				VALIDATE_PRODUCT = YES;
			};
			name = Release;
		};
		F49BC2F41ACA3839007A1888 /* Debug */ = {
			isa = XCBuildConfiguration;
			buildSettings = {
				ASSETCATALOG_COMPILER_APPICON_NAME = AppIcon;
				INFOPLIST_FILE = TweetGrabber/Info.plist;
				LD_RUNPATH_SEARCH_PATHS = "$(inherited) @executable_path/Frameworks";
				PRODUCT_NAME = "$(TARGET_NAME)";
			};
			name = Debug;
		};
		F49BC2F51ACA3839007A1888 /* Release */ = {
			isa = XCBuildConfiguration;
			buildSettings = {
				ASSETCATALOG_COMPILER_APPICON_NAME = AppIcon;
				INFOPLIST_FILE = TweetGrabber/Info.plist;
				LD_RUNPATH_SEARCH_PATHS = "$(inherited) @executable_path/Frameworks";
				PRODUCT_NAME = "$(TARGET_NAME)";
			};
			name = Release;
		};
		F49BC2F71ACA3839007A1888 /* Debug */ = {
			isa = XCBuildConfiguration;
			buildSettings = {
				BUNDLE_LOADER = "$(TEST_HOST)";
				FRAMEWORK_SEARCH_PATHS = (
					"$(SDKROOT)/Developer/Library/Frameworks",
					"$(inherited)",
				);
				GCC_PREPROCESSOR_DEFINITIONS = (
					"DEBUG=1",
					"$(inherited)",
				);
				INFOPLIST_FILE = TweetGrabberTests/Info.plist;
				LD_RUNPATH_SEARCH_PATHS = "$(inherited) @executable_path/Frameworks @loader_path/Frameworks";
				PRODUCT_NAME = "$(TARGET_NAME)";
				TEST_HOST = "$(BUILT_PRODUCTS_DIR)/TweetGrabber.app/TweetGrabber";
			};
			name = Debug;
		};
		F49BC2F81ACA3839007A1888 /* Release */ = {
			isa = XCBuildConfiguration;
			buildSettings = {
				BUNDLE_LOADER = "$(TEST_HOST)";
				FRAMEWORK_SEARCH_PATHS = (
					"$(SDKROOT)/Developer/Library/Frameworks",
					"$(inherited)",
				);
				INFOPLIST_FILE = TweetGrabberTests/Info.plist;
				LD_RUNPATH_SEARCH_PATHS = "$(inherited) @executable_path/Frameworks @loader_path/Frameworks";
				PRODUCT_NAME = "$(TARGET_NAME)";
				TEST_HOST = "$(BUILT_PRODUCTS_DIR)/TweetGrabber.app/TweetGrabber";
			};
			name = Release;
		};
/* End XCBuildConfiguration section */

/* Begin XCConfigurationList section */
		F49BC2CF1ACA3839007A1888 /* Build configuration list for PBXProject "TweetGrabber" */ = {
			isa = XCConfigurationList;
			buildConfigurations = (
				F49BC2F11ACA3839007A1888 /* Debug */,
				F49BC2F21ACA3839007A1888 /* Release */,
			);
			defaultConfigurationIsVisible = 0;
			defaultConfigurationName = Release;
		};
		F49BC2F31ACA3839007A1888 /* Build configuration list for PBXNativeTarget "TweetGrabber" */ = {
			isa = XCConfigurationList;
			buildConfigurations = (
				F49BC2F41ACA3839007A1888 /* Debug */,
				F49BC2F51ACA3839007A1888 /* Release */,
			);
			defaultConfigurationIsVisible = 0;
			defaultConfigurationName = Release;
		};
		F49BC2F61ACA3839007A1888 /* Build configuration list for PBXNativeTarget "TweetGrabberTests" */ = {
			isa = XCConfigurationList;
			buildConfigurations = (
				F49BC2F71ACA3839007A1888 /* Debug */,
				F49BC2F81ACA3839007A1888 /* Release */,
			);
			defaultConfigurationIsVisible = 0;
			defaultConfigurationName = Release;
		};
/* End XCConfigurationList section */
	};
	rootObject = F49BC2CC1ACA3839007A1888 /* Project object */;
}
